// !$*UTF8*$!
{
	archiveVersion = 1;
	classes = {
	};
	objectVersion = 50;
	objects = {

/* Begin PBXBuildFile section */
		2B706582221A4CC200C3478F /* AppDelegate.swift in Sources */ = {isa = PBXBuildFile; fileRef = 2B706581221A4CC200C3478F /* AppDelegate.swift */; };
		2B706584221A4CC200C3478F /* ViewController.swift in Sources */ = {isa = PBXBuildFile; fileRef = 2B706583221A4CC200C3478F /* ViewController.swift */; };
		2B706587221A4CC200C3478F /* Main.storyboard in Resources */ = {isa = PBXBuildFile; fileRef = 2B706585221A4CC200C3478F /* Main.storyboard */; };
		2B706589221A4CC300C3478F /* Assets.xcassets in Resources */ = {isa = PBXBuildFile; fileRef = 2B706588221A4CC300C3478F /* Assets.xcassets */; };
		2B70658C221A4CC300C3478F /* LaunchScreen.storyboard in Resources */ = {isa = PBXBuildFile; fileRef = 2B70658A221A4CC300C3478F /* LaunchScreen.storyboard */; };
		2B706597221A4CC300C3478F /* StopWatchTests.swift in Sources */ = {isa = PBXBuildFile; fileRef = 2B706596221A4CC300C3478F /* StopWatchTests.swift */; };
		2B7065A2221A4CC300C3478F /* StopWatchUITests.swift in Sources */ = {isa = PBXBuildFile; fileRef = 2B7065A1221A4CC300C3478F /* StopWatchUITests.swift */; };
/* End PBXBuildFile section */

/* Begin PBXContainerItemProxy section */
		2B706593221A4CC300C3478F /* PBXContainerItemProxy */ = {
			isa = PBXContainerItemProxy;
			containerPortal = 2B706576221A4CC200C3478F /* Project object */;
			proxyType = 1;
			remoteGlobalIDString = 2B70657D221A4CC200C3478F;
			remoteInfo = StopWatch;
		};
		2B70659E221A4CC300C3478F /* PBXContainerItemProxy */ = {
			isa = PBXContainerItemProxy;
			containerPortal = 2B706576221A4CC200C3478F /* Project object */;
			proxyType = 1;
			remoteGlobalIDString = 2B70657D221A4CC200C3478F;
			remoteInfo = StopWatch;
		};
/* End PBXContainerItemProxy section */

/* Begin PBXFileReference section */
		2B70657E221A4CC200C3478F /* StopWatch.app */ = {isa = PBXFileReference; explicitFileType = wrapper.application; includeInIndex = 0; path = StopWatch.app; sourceTree = BUILT_PRODUCTS_DIR; };
		2B706581221A4CC200C3478F /* AppDelegate.swift */ = {isa = PBXFileReference; lastKnownFileType = sourcecode.swift; path = AppDelegate.swift; sourceTree = "<group>"; };
		2B706583221A4CC200C3478F /* ViewController.swift */ = {isa = PBXFileReference; lastKnownFileType = sourcecode.swift; path = ViewController.swift; sourceTree = "<group>"; };
		2B706586221A4CC200C3478F /* Base */ = {isa = PBXFileReference; lastKnownFileType = file.storyboard; name = Base; path = Base.lproj/Main.storyboard; sourceTree = "<group>"; };
		2B706588221A4CC300C3478F /* Assets.xcassets */ = {isa = PBXFileReference; lastKnownFileType = folder.assetcatalog; path = Assets.xcassets; sourceTree = "<group>"; };
		2B70658B221A4CC300C3478F /* Base */ = {isa = PBXFileReference; lastKnownFileType = file.storyboard; name = Base; path = Base.lproj/LaunchScreen.storyboard; sourceTree = "<group>"; };
		2B70658D221A4CC300C3478F /* Info.plist */ = {isa = PBXFileReference; lastKnownFileType = text.plist.xml; path = Info.plist; sourceTree = "<group>"; };
		2B706592221A4CC300C3478F /* StopWatchTests.xctest */ = {isa = PBXFileReference; explicitFileType = wrapper.cfbundle; includeInIndex = 0; path = StopWatchTests.xctest; sourceTree = BUILT_PRODUCTS_DIR; };
		2B706596221A4CC300C3478F /* StopWatchTests.swift */ = {isa = PBXFileReference; lastKnownFileType = sourcecode.swift; path = StopWatchTests.swift; sourceTree = "<group>"; };
		2B706598221A4CC300C3478F /* Info.plist */ = {isa = PBXFileReference; lastKnownFileType = text.plist.xml; path = Info.plist; sourceTree = "<group>"; };
		2B70659D221A4CC300C3478F /* StopWatchUITests.xctest */ = {isa = PBXFileReference; explicitFileType = wrapper.cfbundle; includeInIndex = 0; path = StopWatchUITests.xctest; sourceTree = BUILT_PRODUCTS_DIR; };
		2B7065A1221A4CC300C3478F /* StopWatchUITests.swift */ = {isa = PBXFileReference; lastKnownFileType = sourcecode.swift; path = StopWatchUITests.swift; sourceTree = "<group>"; };
		2B7065A3221A4CC300C3478F /* Info.plist */ = {isa = PBXFileReference; lastKnownFileType = text.plist.xml; path = Info.plist; sourceTree = "<group>"; };
/* End PBXFileReference section */

/* Begin PBXFrameworksBuildPhase section */
		2B70657B221A4CC200C3478F /* Frameworks */ = {
			isa = PBXFrameworksBuildPhase;
			buildActionMask = 2147483647;
			files = (
			);
			runOnlyForDeploymentPostprocessing = 0;
		};
		2B70658F221A4CC300C3478F /* Frameworks */ = {
			isa = PBXFrameworksBuildPhase;
			buildActionMask = 2147483647;
			files = (
			);
			runOnlyForDeploymentPostprocessing = 0;
		};
		2B70659A221A4CC300C3478F /* Frameworks */ = {
			isa = PBXFrameworksBuildPhase;
			buildActionMask = 2147483647;
			files = (
			);
			runOnlyForDeploymentPostprocessing = 0;
		};
/* End PBXFrameworksBuildPhase section */

/* Begin PBXGroup section */
		2B706575221A4CC200C3478F = {
			isa = PBXGroup;
			children = (
				2B706580221A4CC200C3478F /* StopWatch */,
				2B706595221A4CC300C3478F /* StopWatchTests */,
				2B7065A0221A4CC300C3478F /* StopWatchUITests */,
				2B70657F221A4CC200C3478F /* Products */,
			);
			sourceTree = "<group>";
		};
		2B70657F221A4CC200C3478F /* Products */ = {
			isa = PBXGroup;
			children = (
				2B70657E221A4CC200C3478F /* StopWatch.app */,
				2B706592221A4CC300C3478F /* StopWatchTests.xctest */,
				2B70659D221A4CC300C3478F /* StopWatchUITests.xctest */,
			);
			name = Products;
			sourceTree = "<group>";
		};
		2B706580221A4CC200C3478F /* StopWatch */ = {
			isa = PBXGroup;
			children = (
				2B706581221A4CC200C3478F /* AppDelegate.swift */,
				2B706583221A4CC200C3478F /* ViewController.swift */,
				2B706585221A4CC200C3478F /* Main.storyboard */,
				2B706588221A4CC300C3478F /* Assets.xcassets */,
				2B70658A221A4CC300C3478F /* LaunchScreen.storyboard */,
				2B70658D221A4CC300C3478F /* Info.plist */,
			);
			path = StopWatch;
			sourceTree = "<group>";
		};
		2B706595221A4CC300C3478F /* StopWatchTests */ = {
			isa = PBXGroup;
			children = (
				2B706596221A4CC300C3478F /* StopWatchTests.swift */,
				2B706598221A4CC300C3478F /* Info.plist */,
			);
			path = StopWatchTests;
			sourceTree = "<group>";
		};
		2B7065A0221A4CC300C3478F /* StopWatchUITests */ = {
			isa = PBXGroup;
			children = (
				2B7065A1221A4CC300C3478F /* StopWatchUITests.swift */,
				2B7065A3221A4CC300C3478F /* Info.plist */,
			);
			path = StopWatchUITests;
			sourceTree = "<group>";
		};
/* End PBXGroup section */

/* Begin PBXNativeTarget section */
		2B70657D221A4CC200C3478F /* StopWatch */ = {
			isa = PBXNativeTarget;
			buildConfigurationList = 2B7065A6221A4CC300C3478F /* Build configuration list for PBXNativeTarget "StopWatch" */;
			buildPhases = (
				2B70657A221A4CC200C3478F /* Sources */,
				2B70657B221A4CC200C3478F /* Frameworks */,
				2B70657C221A4CC200C3478F /* Resources */,
			);
			buildRules = (
			);
			dependencies = (
			);
			name = StopWatch;
			productName = StopWatch;
			productReference = 2B70657E221A4CC200C3478F /* StopWatch.app */;
			productType = "com.apple.product-type.application";
		};
		2B706591221A4CC300C3478F /* StopWatchTests */ = {
			isa = PBXNativeTarget;
			buildConfigurationList = 2B7065A9221A4CC300C3478F /* Build configuration list for PBXNativeTarget "StopWatchTests" */;
			buildPhases = (
				2B70658E221A4CC300C3478F /* Sources */,
				2B70658F221A4CC300C3478F /* Frameworks */,
				2B706590221A4CC300C3478F /* Resources */,
			);
			buildRules = (
			);
			dependencies = (
				2B706594221A4CC300C3478F /* PBXTargetDependency */,
			);
			name = StopWatchTests;
			productName = StopWatchTests;
			productReference = 2B706592221A4CC300C3478F /* StopWatchTests.xctest */;
			productType = "com.apple.product-type.bundle.unit-test";
		};
		2B70659C221A4CC300C3478F /* StopWatchUITests */ = {
			isa = PBXNativeTarget;
			buildConfigurationList = 2B7065AC221A4CC300C3478F /* Build configuration list for PBXNativeTarget "StopWatchUITests" */;
			buildPhases = (
				2B706599221A4CC300C3478F /* Sources */,
				2B70659A221A4CC300C3478F /* Frameworks */,
				2B70659B221A4CC300C3478F /* Resources */,
			);
			buildRules = (
			);
			dependencies = (
				2B70659F221A4CC300C3478F /* PBXTargetDependency */,
			);
			name = StopWatchUITests;
			productName = StopWatchUITests;
			productReference = 2B70659D221A4CC300C3478F /* StopWatchUITests.xctest */;
			productType = "com.apple.product-type.bundle.ui-testing";
		};
/* End PBXNativeTarget section */

/* Begin PBXProject section */
		2B706576221A4CC200C3478F /* Project object */ = {
			isa = PBXProject;
			attributes = {
				LastSwiftUpdateCheck = 1010;
				LastUpgradeCheck = 1010;
				ORGANIZATIONNAME = "万显武";
				TargetAttributes = {
					2B70657D221A4CC200C3478F = {
						CreatedOnToolsVersion = 10.1;
					};
					2B706591221A4CC300C3478F = {
						CreatedOnToolsVersion = 10.1;
						TestTargetID = 2B70657D221A4CC200C3478F;
					};
					2B70659C221A4CC300C3478F = {
						CreatedOnToolsVersion = 10.1;
						TestTargetID = 2B70657D221A4CC200C3478F;
					};
				};
			};
			buildConfigurationList = 2B706579221A4CC200C3478F /* Build configuration list for PBXProject "StopWatch" */;
			compatibilityVersion = "Xcode 9.3";
			developmentRegion = en;
			hasScannedForEncodings = 0;
			knownRegions = (
				en,
				Base,
			);
			mainGroup = 2B706575221A4CC200C3478F;
			productRefGroup = 2B70657F221A4CC200C3478F /* Products */;
			projectDirPath = "";
			projectRoot = "";
			targets = (
				2B70657D221A4CC200C3478F /* StopWatch */,
				2B706591221A4CC300C3478F /* StopWatchTests */,
				2B70659C221A4CC300C3478F /* StopWatchUITests */,
			);
		};
/* End PBXProject section */

/* Begin PBXResourcesBuildPhase section */
		2B70657C221A4CC200C3478F /* Resources */ = {
			isa = PBXResourcesBuildPhase;
			buildActionMask = 2147483647;
			files = (
				2B70658C221A4CC300C3478F /* LaunchScreen.storyboard in Resources */,
				2B706589221A4CC300C3478F /* Assets.xcassets in Resources */,
				2B706587221A4CC200C3478F /* Main.storyboard in Resources */,
			);
			runOnlyForDeploymentPostprocessing = 0;
		};
		2B706590221A4CC300C3478F /* Resources */ = {
			isa = PBXResourcesBuildPhase;
			buildActionMask = 2147483647;
			files = (
			);
			runOnlyForDeploymentPostprocessing = 0;
		};
		2B70659B221A4CC300C3478F /* Resources */ = {
			isa = PBXResourcesBuildPhase;
			buildActionMask = 2147483647;
			files = (
			);
			runOnlyForDeploymentPostprocessing = 0;
		};
/* End PBXResourcesBuildPhase section */

/* Begin PBXSourcesBuildPhase section */
		2B70657A221A4CC200C3478F /* Sources */ = {
			isa = PBXSourcesBuildPhase;
			buildActionMask = 2147483647;
			files = (
				2B706584221A4CC200C3478F /* ViewController.swift in Sources */,
				2B706582221A4CC200C3478F /* AppDelegate.swift in Sources */,
			);
			runOnlyForDeploymentPostprocessing = 0;
		};
		2B70658E221A4CC300C3478F /* Sources */ = {
			isa = PBXSourcesBuildPhase;
			buildActionMask = 2147483647;
			files = (
				2B706597221A4CC300C3478F /* StopWatchTests.swift in Sources */,
			);
			runOnlyForDeploymentPostprocessing = 0;
		};
		2B706599221A4CC300C3478F /* Sources */ = {
			isa = PBXSourcesBuildPhase;
			buildActionMask = 2147483647;
			files = (
				2B7065A2221A4CC300C3478F /* StopWatchUITests.swift in Sources */,
			);
			runOnlyForDeploymentPostprocessing = 0;
		};
/* End PBXSourcesBuildPhase section */

/* Begin PBXTargetDependency section */
		2B706594221A4CC300C3478F /* PBXTargetDependency */ = {
			isa = PBXTargetDependency;
			target = 2B70657D221A4CC200C3478F /* StopWatch */;
			targetProxy = 2B706593221A4CC300C3478F /* PBXContainerItemProxy */;
		};
		2B70659F221A4CC300C3478F /* PBXTargetDependency */ = {
			isa = PBXTargetDependency;
			target = 2B70657D221A4CC200C3478F /* StopWatch */;
			targetProxy = 2B70659E221A4CC300C3478F /* PBXContainerItemProxy */;
		};
/* End PBXTargetDependency section */

/* Begin PBXVariantGroup section */
		2B706585221A4CC200C3478F /* Main.storyboard */ = {
			isa = PBXVariantGroup;
			children = (
				2B706586221A4CC200C3478F /* Base */,
			);
			name = Main.storyboard;
			sourceTree = "<group>";
		};
		2B70658A221A4CC300C3478F /* LaunchScreen.storyboard */ = {
			isa = PBXVariantGroup;
			children = (
				2B70658B221A4CC300C3478F /* Base */,
			);
			name = LaunchScreen.storyboard;
			sourceTree = "<group>";
		};
/* End PBXVariantGroup section */

/* Begin XCBuildConfiguration section */
		2B7065A4221A4CC300C3478F /* Debug */ = {
			isa = XCBuildConfiguration;
			buildSettings = {
				ALWAYS_SEARCH_USER_PATHS = NO;
				CLANG_ANALYZER_NONNULL = YES;
				CLANG_ANALYZER_NUMBER_OBJECT_CONVERSION = YES_AGGRESSIVE;
				CLANG_CXX_LANGUAGE_STANDARD = "gnu++14";
				CLANG_CXX_LIBRARY = "libc++";
				CLANG_ENABLE_MODULES = YES;
				CLANG_ENABLE_OBJC_ARC = YES;
				CLANG_ENABLE_OBJC_WEAK = YES;
				CLANG_WARN_BLOCK_CAPTURE_AUTORELEASING = YES;
				CLANG_WARN_BOOL_CONVERSION = YES;
				CLANG_WARN_COMMA = YES;
				CLANG_WARN_CONSTANT_CONVERSION = YES;
				CLANG_WARN_DEPRECATED_OBJC_IMPLEMENTATIONS = YES;
				CLANG_WARN_DIRECT_OBJC_ISA_USAGE = YES_ERROR;
				CLANG_WARN_DOCUMENTATION_COMMENTS = YES;
				CLANG_WARN_EMPTY_BODY = YES;
				CLANG_WARN_ENUM_CONVERSION = YES;
				CLANG_WARN_INFINITE_RECURSION = YES;
				CLANG_WARN_INT_CONVERSION = YES;
				CLANG_WARN_NON_LITERAL_NULL_CONVERSION = YES;
				CLANG_WARN_OBJC_IMPLICIT_RETAIN_SELF = YES;
				CLANG_WARN_OBJC_LITERAL_CONVERSION = YES;
				CLANG_WARN_OBJC_ROOT_CLASS = YES_ERROR;
				CLANG_WARN_RANGE_LOOP_ANALYSIS = YES;
				CLANG_WARN_STRICT_PROTOTYPES = YES;
				CLANG_WARN_SUSPICIOUS_MOVE = YES;
				CLANG_WARN_UNGUARDED_AVAILABILITY = YES_AGGRESSIVE;
				CLANG_WARN_UNREACHABLE_CODE = YES;
				CLANG_WARN__DUPLICATE_METHOD_MATCH = YES;
				CODE_SIGN_IDENTITY = "iPhone Developer";
				COPY_PHASE_STRIP = NO;
				DEBUG_INFORMATION_FORMAT = dwarf;
				ENABLE_STRICT_OBJC_MSGSEND = YES;
				ENABLE_TESTABILITY = YES;
				GCC_C_LANGUAGE_STANDARD = gnu11;
				GCC_DYNAMIC_NO_PIC = NO;
				GCC_NO_COMMON_BLOCKS = YES;
				GCC_OPTIMIZATION_LEVEL = 0;
				GCC_PREPROCESSOR_DEFINITIONS = (
					"DEBUG=1",
					"$(inherited)",
				);
				GCC_WARN_64_TO_32_BIT_CONVERSION = YES;
				GCC_WARN_ABOUT_RETURN_TYPE = YES_ERROR;
				GCC_WARN_UNDECLARED_SELECTOR = YES;
				GCC_WARN_UNINITIALIZED_AUTOS = YES_AGGRESSIVE;
				GCC_WARN_UNUSED_FUNCTION = YES;
				GCC_WARN_UNUSED_VARIABLE = YES;
				IPHONEOS_DEPLOYMENT_TARGET = 12.1;
				MTL_ENABLE_DEBUG_INFO = INCLUDE_SOURCE;
				MTL_FAST_MATH = YES;
				ONLY_ACTIVE_ARCH = YES;
				SDKROOT = iphoneos;
				SWIFT_ACTIVE_COMPILATION_CONDITIONS = DEBUG;
				SWIFT_OPTIMIZATION_LEVEL = "-Onone";
			};
			name = Debug;
		};
		2B7065A5221A4CC300C3478F /* Release */ = {
			isa = XCBuildConfiguration;
			buildSettings = {
				ALWAYS_SEARCH_USER_PATHS = NO;
				CLANG_ANALYZER_NONNULL = YES;
				CLANG_ANALYZER_NUMBER_OBJECT_CONVERSION = YES_AGGRESSIVE;
				CLANG_CXX_LANGUAGE_STANDARD = "gnu++14";
				CLANG_CXX_LIBRARY = "libc++";
				CLANG_ENABLE_MODULES = YES;
				CLANG_ENABLE_OBJC_ARC = YES;
				CLANG_ENABLE_OBJC_WEAK = YES;
				CLANG_WARN_BLOCK_CAPTURE_AUTORELEASING = YES;
				CLANG_WARN_BOOL_CONVERSION = YES;
				CLANG_WARN_COMMA = YES;
				CLANG_WARN_CONSTANT_CONVERSION = YES;
				CLANG_WARN_DEPRECATED_OBJC_IMPLEMENTATIONS = YES;
				CLANG_WARN_DIRECT_OBJC_ISA_USAGE = YES_ERROR;
				CLANG_WARN_DOCUMENTATION_COMMENTS = YES;
				CLANG_WARN_EMPTY_BODY = YES;
				CLANG_WARN_ENUM_CONVERSION = YES;
				CLANG_WARN_INFINITE_RECURSION = YES;
				CLANG_WARN_INT_CONVERSION = YES;
				CLANG_WARN_NON_LITERAL_NULL_CONVERSION = YES;
				CLANG_WARN_OBJC_IMPLICIT_RETAIN_SELF = YES;
				CLANG_WARN_OBJC_LITERAL_CONVERSION = YES;
				CLANG_WARN_OBJC_ROOT_CLASS = YES_ERROR;
				CLANG_WARN_RANGE_LOOP_ANALYSIS = YES;
				CLANG_WARN_STRICT_PROTOTYPES = YES;
				CLANG_WARN_SUSPICIOUS_MOVE = YES;
				CLANG_WARN_UNGUARDED_AVAILABILITY = YES_AGGRESSIVE;
				CLANG_WARN_UNREACHABLE_CODE = YES;
				CLANG_WARN__DUPLICATE_METHOD_MATCH = YES;
				CODE_SIGN_IDENTITY = "iPhone Developer";
				COPY_PHASE_STRIP = NO;
				DEBUG_INFORMATION_FORMAT = "dwarf-with-dsym";
				ENABLE_NS_ASSERTIONS = NO;
				ENABLE_STRICT_OBJC_MSGSEND = YES;
				GCC_C_LANGUAGE_STANDARD = gnu11;
				GCC_NO_COMMON_BLOCKS = YES;
				GCC_WARN_64_TO_32_BIT_CONVERSION = YES;
				GCC_WARN_ABOUT_RETURN_TYPE = YES_ERROR;
				GCC_WARN_UNDECLARED_SELECTOR = YES;
				GCC_WARN_UNINITIALIZED_AUTOS = YES_AGGRESSIVE;
				GCC_WARN_UNUSED_FUNCTION = YES;
				GCC_WARN_UNUSED_VARIABLE = YES;
				IPHONEOS_DEPLOYMENT_TARGET = 12.1;
				MTL_ENABLE_DEBUG_INFO = NO;
				MTL_FAST_MATH = YES;
				SDKROOT = iphoneos;
				SWIFT_COMPILATION_MODE = wholemodule;
				SWIFT_OPTIMIZATION_LEVEL = "-O";
				VALIDATE_PRODUCT = YES;
			};
			name = Release;
		};
		2B7065A7221A4CC300C3478F /* Debug */ = {
			isa = XCBuildConfiguration;
			buildSettings = {
				ASSETCATALOG_COMPILER_APPICON_NAME = AppIcon;
				CODE_SIGN_STYLE = Automatic;
				DEVELOPMENT_TEAM = PQ6G424974;
				INFOPLIST_FILE = StopWatch/Info.plist;
				LD_RUNPATH_SEARCH_PATHS = (
					"$(inherited)",
					"@executable_path/Frameworks",
				);
				PRODUCT_BUNDLE_IDENTIFIER = com.cnzhjk.StopWatch;
				PRODUCT_NAME = "$(TARGET_NAME)";
				SWIFT_VERSION = 4.2;
				TARGETED_DEVICE_FAMILY = "1,2";
			};
			name = Debug;
		};
		2B7065A8221A4CC300C3478F /* Release */ = {
			isa = XCBuildConfiguration;
			buildSettings = {
				ASSETCATALOG_COMPILER_APPICON_NAME = AppIcon;
				CODE_SIGN_STYLE = Automatic;
				DEVELOPMENT_TEAM = PQ6G424974;
				INFOPLIST_FILE = StopWatch/Info.plist;
				LD_RUNPATH_SEARCH_PATHS = (
					"$(inherited)",
					"@executable_path/Frameworks",
				);
				PRODUCT_BUNDLE_IDENTIFIER = com.cnzhjk.StopWatch;
				PRODUCT_NAME = "$(TARGET_NAME)";
				SWIFT_VERSION = 4.2;
				TARGETED_DEVICE_FAMILY = "1,2";
			};
			name = Release;
		};
		2B7065AA221A4CC300C3478F /* Debug */ = {
			isa = XCBuildConfiguration;
			buildSettings = {
				ALWAYS_EMBED_SWIFT_STANDARD_LIBRARIES = YES;
				BUNDLE_LOADER = "$(TEST_HOST)";
				CODE_SIGN_STYLE = Automatic;
				DEVELOPMENT_TEAM = PQ6G424974;
				INFOPLIST_FILE = StopWatchTests/Info.plist;
				LD_RUNPATH_SEARCH_PATHS = (
					"$(inherited)",
					"@executable_path/Frameworks",
					"@loader_path/Frameworks",
				);
				PRODUCT_BUNDLE_IDENTIFIER = com.cnzhjk.StopWatchTests;
				PRODUCT_NAME = "$(TARGET_NAME)";
				SWIFT_VERSION = 4.2;
				TARGETED_DEVICE_FAMILY = "1,2";
				TEST_HOST = "$(BUILT_PRODUCTS_DIR)/StopWatch.app/StopWatch";
			};
			name = Debug;
		};
		2B7065AB221A4CC300C3478F /* Release */ = {
			isa = XCBuildConfiguration;
			buildSettings = {
				ALWAYS_EMBED_SWIFT_STANDARD_LIBRARIES = YES;
				BUNDLE_LOADER = "$(TEST_HOST)";
				CODE_SIGN_STYLE = Automatic;
				DEVELOPMENT_TEAM = PQ6G424974;
				INFOPLIST_FILE = StopWatchTests/Info.plist;
				LD_RUNPATH_SEARCH_PATHS = (
					"$(inherited)",
					"@executable_path/Frameworks",
					"@loader_path/Frameworks",
				);
				PRODUCT_BUNDLE_IDENTIFIER = com.cnzhjk.StopWatchTests;
				PRODUCT_NAME = "$(TARGET_NAME)";
				SWIFT_VERSION = 4.2;
				TARGETED_DEVICE_FAMILY = "1,2";
				TEST_HOST = "$(BUILT_PRODUCTS_DIR)/StopWatch.app/StopWatch";
			};
			name = Release;
		};
		2B7065AD221A4CC300C3478F /* Debug */ = {
			isa = XCBuildConfiguration;
			buildSettings = {
				ALWAYS_EMBED_SWIFT_STANDARD_LIBRARIES = YES;
				CODE_SIGN_STYLE = Automatic;
				DEVELOPMENT_TEAM = PQ6G424974;
				INFOPLIST_FILE = StopWatchUITests/Info.plist;
				LD_RUNPATH_SEARCH_PATHS = (
					"$(inherited)",
					"@executable_path/Frameworks",
					"@loader_path/Frameworks",
				);
				PRODUCT_BUNDLE_IDENTIFIER = com.cnzhjk.StopWatchUITests;
				PRODUCT_NAME = "$(TARGET_NAME)";
				SWIFT_VERSION = 4.2;
				TARGETED_DEVICE_FAMILY = "1,2";
				TEST_TARGET_NAME = StopWatch;
			};
			name = Debug;
		};
		2B7065AE221A4CC300C3478F /* Release */ = {
			isa = XCBuildConfiguration;
			buildSettings = {
				ALWAYS_EMBED_SWIFT_STANDARD_LIBRARIES = YES;
				CODE_SIGN_STYLE = Automatic;
				DEVELOPMENT_TEAM = PQ6G424974;
				INFOPLIST_FILE = StopWatchUITests/Info.plist;
				LD_RUNPATH_SEARCH_PATHS = (
					"$(inherited)",
					"@executable_path/Frameworks",
					"@loader_path/Frameworks",
				);
				PRODUCT_BUNDLE_IDENTIFIER = com.cnzhjk.StopWatchUITests;
				PRODUCT_NAME = "$(TARGET_NAME)";
				SWIFT_VERSION = 4.2;
				TARGETED_DEVICE_FAMILY = "1,2";
				TEST_TARGET_NAME = StopWatch;
			};
			name = Release;
		};
/* End XCBuildConfiguration section */

/* Begin XCConfigurationList section */
		2B706579221A4CC200C3478F /* Build configuration list for PBXProject "StopWatch" */ = {
			isa = XCConfigurationList;
			buildConfigurations = (
				2B7065A4221A4CC300C3478F /* Debug */,
				2B7065A5221A4CC300C3478F /* Release */,
			);
			defaultConfigurationIsVisible = 0;
			defaultConfigurationName = Release;
		};
		2B7065A6221A4CC300C3478F /* Build configuration list for PBXNativeTarget "StopWatch" */ = {
			isa = XCConfigurationList;
			buildConfigurations = (
				2B7065A7221A4CC300C3478F /* Debug */,
				2B7065A8221A4CC300C3478F /* Release */,
			);
			defaultConfigurationIsVisible = 0;
			defaultConfigurationName = Release;
		};
		2B7065A9221A4CC300C3478F /* Build configuration list for PBXNativeTarget "StopWatchTests" */ = {
			isa = XCConfigurationList;
			buildConfigurations = (
				2B7065AA221A4CC300C3478F /* Debug */,
				2B7065AB221A4CC300C3478F /* Release */,
			);
			defaultConfigurationIsVisible = 0;
			defaultConfigurationName = Release;
		};
		2B7065AC221A4CC300C3478F /* Build configuration list for PBXNativeTarget "StopWatchUITests" */ = {
			isa = XCConfigurationList;
			buildConfigurations = (
				2B7065AD221A4CC300C3478F /* Debug */,
				2B7065AE221A4CC300C3478F /* Release */,
			);
			defaultConfigurationIsVisible = 0;
			defaultConfigurationName = Release;
		};
/* End XCConfigurationList section */
	};
	rootObject = 2B706576221A4CC200C3478F /* Project object */;
}
